// !$*UTF8*$!
{
	archiveVersion = 1;
	classes = {
	};
	objectVersion = 56;
	objects = {

/* Begin PBXBuildFile section */
		538A0A0B2AF8D572002D2027 /* VitalityOnboardingAssessmentApp.swift in Sources */ = {isa = PBXBuildFile; fileRef = 538A0A0A2AF8D572002D2027 /* VitalityOnboardingAssessmentApp.swift */; };
		538A0A0D2AF8D572002D2027 /* ContentView.swift in Sources */ = {isa = PBXBuildFile; fileRef = 538A0A0C2AF8D572002D2027 /* ContentView.swift */; };
		538A0A0F2AF8D575002D2027 /* Assets.xcassets in Resources */ = {isa = PBXBuildFile; fileRef = 538A0A0E2AF8D575002D2027 /* Assets.xcassets */; };
		538A0A122AF8D575002D2027 /* Preview Assets.xcassets in Resources */ = {isa = PBXBuildFile; fileRef = 538A0A112AF8D575002D2027 /* Preview Assets.xcassets */; };
		538A0A1A2AF8D5C4002D2027 /* Swinject in Frameworks */ = {isa = PBXBuildFile; productRef = 538A0A192AF8D5C4002D2027 /* Swinject */; };
		538A0A202AF8D85A002D2027 /* MockAPI.swift in Sources */ = {isa = PBXBuildFile; fileRef = 538A0A1F2AF8D859002D2027 /* MockAPI.swift */; };
		538A0A232AF8E55D002D2027 /* UserInfoModel.swift in Sources */ = {isa = PBXBuildFile; fileRef = 538A0A222AF8E55D002D2027 /* UserInfoModel.swift */; };
		538A0A262AF8E6E8002D2027 /* Realm in Frameworks */ = {isa = PBXBuildFile; productRef = 538A0A252AF8E6E8002D2027 /* Realm */; };
		538A0A282AF8E6E8002D2027 /* RealmSwift in Frameworks */ = {isa = PBXBuildFile; productRef = 538A0A272AF8E6E8002D2027 /* RealmSwift */; };
		538A0A2A2AF8FC01002D2027 /* PointsResponse.swift in Sources */ = {isa = PBXBuildFile; fileRef = 538A0A292AF8FC01002D2027 /* PointsResponse.swift */; };
		538A0A2D2AF901B3002D2027 /* DummyJSONFetcher.swift in Sources */ = {isa = PBXBuildFile; fileRef = 538A0A2C2AF901B3002D2027 /* DummyJSONFetcher.swift */; };
		538A0A322AF9083F002D2027 /* mockPointsStatement.json in Resources */ = {isa = PBXBuildFile; fileRef = 538A0A312AF9083F002D2027 /* mockPointsStatement.json */; };
		538A0A352AF909C3002D2027 /* PointsGateway.swift in Sources */ = {isa = PBXBuildFile; fileRef = 538A0A342AF909C3002D2027 /* PointsGateway.swift */; };
		538A0A372AF910D1002D2027 /* RealmAdapter.swift in Sources */ = {isa = PBXBuildFile; fileRef = 538A0A362AF910D1002D2027 /* RealmAdapter.swift */; };
		538A0A3A2AF912B5002D2027 /* AppDependencies.swift in Sources */ = {isa = PBXBuildFile; fileRef = 538A0A392AF912B5002D2027 /* AppDependencies.swift */; };
		538A0A3F2AFA2030002D2027 /* ProtocolSubscribers.swift in Sources */ = {isa = PBXBuildFile; fileRef = 538A0A3E2AFA2030002D2027 /* ProtocolSubscribers.swift */; };
		538A0A422AFA3B0E002D2027 /* UserInfo.swift in Sources */ = {isa = PBXBuildFile; fileRef = 538A0A412AFA3B0E002D2027 /* UserInfo.swift */; };
		538A0A442AFA3B24002D2027 /* LeaderboardEntry.swift in Sources */ = {isa = PBXBuildFile; fileRef = 538A0A432AFA3B23002D2027 /* LeaderboardEntry.swift */; };
		53B9B0DC2AFBC4FD0004B381 /* VitalityOnboardingAssessmentTests.swift in Sources */ = {isa = PBXBuildFile; fileRef = 53B9B0DB2AFBC4FD0004B381 /* VitalityOnboardingAssessmentTests.swift */; };
		53B9B0E32AFBC6320004B381 /* LeaderboardEntryModel.swift in Sources */ = {isa = PBXBuildFile; fileRef = 53B9B0E22AFBC6320004B381 /* LeaderboardEntryModel.swift */; };
/* End PBXBuildFile section */

/* Begin PBXContainerItemProxy section */
		53B9B0DD2AFBC4FD0004B381 /* PBXContainerItemProxy */ = {
			isa = PBXContainerItemProxy;
			containerPortal = 538A09FF2AF8D572002D2027 /* Project object */;
			proxyType = 1;
			remoteGlobalIDString = 538A0A062AF8D572002D2027;
			remoteInfo = VitalityOnboardingAssessment;
		};
/* End PBXContainerItemProxy section */

/* Begin PBXFileReference section */
		538A0A072AF8D572002D2027 /* VitalityOnboardingAssessment.app */ = {isa = PBXFileReference; explicitFileType = wrapper.application; includeInIndex = 0; path = VitalityOnboardingAssessment.app; sourceTree = BUILT_PRODUCTS_DIR; };
		538A0A0A2AF8D572002D2027 /* VitalityOnboardingAssessmentApp.swift */ = {isa = PBXFileReference; lastKnownFileType = sourcecode.swift; path = VitalityOnboardingAssessmentApp.swift; sourceTree = "<group>"; };
		538A0A0C2AF8D572002D2027 /* ContentView.swift */ = {isa = PBXFileReference; lastKnownFileType = sourcecode.swift; path = ContentView.swift; sourceTree = "<group>"; };
		538A0A0E2AF8D575002D2027 /* Assets.xcassets */ = {isa = PBXFileReference; lastKnownFileType = folder.assetcatalog; path = Assets.xcassets; sourceTree = "<group>"; };
		538A0A112AF8D575002D2027 /* Preview Assets.xcassets */ = {isa = PBXFileReference; lastKnownFileType = folder.assetcatalog; path = "Preview Assets.xcassets"; sourceTree = "<group>"; };
		538A0A1F2AF8D859002D2027 /* MockAPI.swift */ = {isa = PBXFileReference; lastKnownFileType = sourcecode.swift; path = MockAPI.swift; sourceTree = "<group>"; };
		538A0A222AF8E55D002D2027 /* UserInfoModel.swift */ = {isa = PBXFileReference; lastKnownFileType = sourcecode.swift; path = UserInfoModel.swift; sourceTree = "<group>"; };
		538A0A292AF8FC01002D2027 /* PointsResponse.swift */ = {isa = PBXFileReference; lastKnownFileType = sourcecode.swift; path = PointsResponse.swift; sourceTree = "<group>"; };
		538A0A2C2AF901B3002D2027 /* DummyJSONFetcher.swift */ = {isa = PBXFileReference; lastKnownFileType = sourcecode.swift; path = DummyJSONFetcher.swift; sourceTree = "<group>"; };
		538A0A312AF9083F002D2027 /* mockPointsStatement.json */ = {isa = PBXFileReference; lastKnownFileType = text.json; path = mockPointsStatement.json; sourceTree = "<group>"; };
		538A0A342AF909C3002D2027 /* PointsGateway.swift */ = {isa = PBXFileReference; lastKnownFileType = sourcecode.swift; path = PointsGateway.swift; sourceTree = "<group>"; };
		538A0A362AF910D1002D2027 /* RealmAdapter.swift */ = {isa = PBXFileReference; lastKnownFileType = sourcecode.swift; path = RealmAdapter.swift; sourceTree = "<group>"; };
		538A0A392AF912B5002D2027 /* AppDependencies.swift */ = {isa = PBXFileReference; lastKnownFileType = sourcecode.swift; path = AppDependencies.swift; sourceTree = "<group>"; };
		538A0A3E2AFA2030002D2027 /* ProtocolSubscribers.swift */ = {isa = PBXFileReference; lastKnownFileType = sourcecode.swift; path = ProtocolSubscribers.swift; sourceTree = "<group>"; };
		538A0A412AFA3B0E002D2027 /* UserInfo.swift */ = {isa = PBXFileReference; lastKnownFileType = sourcecode.swift; path = UserInfo.swift; sourceTree = "<group>"; };
		538A0A432AFA3B23002D2027 /* LeaderboardEntry.swift */ = {isa = PBXFileReference; lastKnownFileType = sourcecode.swift; path = LeaderboardEntry.swift; sourceTree = "<group>"; };
		53B9B0D92AFBC4FD0004B381 /* VitalityOnboardingAssessmentTests.xctest */ = {isa = PBXFileReference; explicitFileType = wrapper.cfbundle; includeInIndex = 0; path = VitalityOnboardingAssessmentTests.xctest; sourceTree = BUILT_PRODUCTS_DIR; };
		53B9B0DB2AFBC4FD0004B381 /* VitalityOnboardingAssessmentTests.swift */ = {isa = PBXFileReference; lastKnownFileType = sourcecode.swift; path = VitalityOnboardingAssessmentTests.swift; sourceTree = "<group>"; };
		53B9B0E22AFBC6320004B381 /* LeaderboardEntryModel.swift */ = {isa = PBXFileReference; lastKnownFileType = sourcecode.swift; path = LeaderboardEntryModel.swift; sourceTree = "<group>"; };
/* End PBXFileReference section */

/* Begin PBXFrameworksBuildPhase section */
		538A0A042AF8D572002D2027 /* Frameworks */ = {
			isa = PBXFrameworksBuildPhase;
			buildActionMask = 2147483647;
			files = (
				538A0A282AF8E6E8002D2027 /* RealmSwift in Frameworks */,
				538A0A262AF8E6E8002D2027 /* Realm in Frameworks */,
				538A0A1A2AF8D5C4002D2027 /* Swinject in Frameworks */,
			);
			runOnlyForDeploymentPostprocessing = 0;
		};
		53B9B0D62AFBC4FD0004B381 /* Frameworks */ = {
			isa = PBXFrameworksBuildPhase;
			buildActionMask = 2147483647;
			files = (
			);
			runOnlyForDeploymentPostprocessing = 0;
		};
/* End PBXFrameworksBuildPhase section */

/* Begin PBXGroup section */
		530F7E8A2AFBC95100883A8B /* API */ = {
			isa = PBXGroup;
			children = (
				538A0A1F2AF8D859002D2027 /* MockAPI.swift */,
			);
			name = API;
			sourceTree = "<group>";
		};
		530F7E8B2AFBC97B00883A8B /* Helpers */ = {
			isa = PBXGroup;
			children = (
			);
			path = Helpers;
			sourceTree = "<group>";
		};
		538A09FE2AF8D572002D2027 = {
			isa = PBXGroup;
			children = (
				538A0A092AF8D572002D2027 /* VitalityOnboardingAssessment */,
				53B9B0DA2AFBC4FD0004B381 /* VitalityOnboardingAssessmentTests */,
				538A0A082AF8D572002D2027 /* Products */,
			);
			sourceTree = "<group>";
		};
		538A0A082AF8D572002D2027 /* Products */ = {
			isa = PBXGroup;
			children = (
				538A0A072AF8D572002D2027 /* VitalityOnboardingAssessment.app */,
				53B9B0D92AFBC4FD0004B381 /* VitalityOnboardingAssessmentTests.xctest */,
			);
			name = Products;
			sourceTree = "<group>";
		};
		538A0A092AF8D572002D2027 /* VitalityOnboardingAssessment */ = {
			isa = PBXGroup;
			children = (
				538A0A402AFA3AEE002D2027 /* Entities */,
				538A0A382AF912A4002D2027 /* DependencyInjection */,
				538A0A212AF8DC9F002D2027 /* Persistence */,
				538A0A1E2AF8D831002D2027 /* Networking */,
				538A0A0A2AF8D572002D2027 /* VitalityOnboardingAssessmentApp.swift */,
				538A0A0C2AF8D572002D2027 /* ContentView.swift */,
				538A0A0E2AF8D575002D2027 /* Assets.xcassets */,
				538A0A102AF8D575002D2027 /* Preview Content */,
			);
			path = VitalityOnboardingAssessment;
			sourceTree = "<group>";
		};
		538A0A102AF8D575002D2027 /* Preview Content */ = {
			isa = PBXGroup;
			children = (
				538A0A112AF8D575002D2027 /* Preview Assets.xcassets */,
			);
			path = "Preview Content";
			sourceTree = "<group>";
		};
		538A0A1E2AF8D831002D2027 /* Networking */ = {
			isa = PBXGroup;
			children = (
				530F7E8A2AFBC95100883A8B /* API */,
				538A0A332AF909A2002D2027 /* Gateway */,
				538A0A2B2AF901A0002D2027 /* Helpers */,
			);
			path = Networking;
			sourceTree = "<group>";
		};
		538A0A212AF8DC9F002D2027 /* Persistence */ = {
			isa = PBXGroup;
			children = (
				538A0A222AF8E55D002D2027 /* UserInfoModel.swift */,
				538A0A362AF910D1002D2027 /* RealmAdapter.swift */,
				53B9B0E22AFBC6320004B381 /* LeaderboardEntryModel.swift */,
			);
			path = Persistence;
			sourceTree = "<group>";
		};
		538A0A2B2AF901A0002D2027 /* Helpers */ = {
			isa = PBXGroup;
			children = (
				538A0A292AF8FC01002D2027 /* PointsResponse.swift */,
				538A0A2C2AF901B3002D2027 /* DummyJSONFetcher.swift */,
				538A0A312AF9083F002D2027 /* mockPointsStatement.json */,
			);
			name = Helpers;
			sourceTree = "<group>";
		};
		538A0A332AF909A2002D2027 /* Gateway */ = {
			isa = PBXGroup;
			children = (
				538A0A342AF909C3002D2027 /* PointsGateway.swift */,
			);
			name = Gateway;
			sourceTree = "<group>";
		};
		538A0A382AF912A4002D2027 /* DependencyInjection */ = {
			isa = PBXGroup;
			children = (
				530F7E8B2AFBC97B00883A8B /* Helpers */,
				538A0A392AF912B5002D2027 /* AppDependencies.swift */,
				538A0A3E2AFA2030002D2027 /* ProtocolSubscribers.swift */,
			);
			path = DependencyInjection;
			sourceTree = "<group>";
		};
		538A0A402AFA3AEE002D2027 /* Entities */ = {
			isa = PBXGroup;
			children = (
				538A0A412AFA3B0E002D2027 /* UserInfo.swift */,
				538A0A432AFA3B23002D2027 /* LeaderboardEntry.swift */,
			);
			path = Entities;
			sourceTree = "<group>";
		};
		53B9B0DA2AFBC4FD0004B381 /* VitalityOnboardingAssessmentTests */ = {
			isa = PBXGroup;
			children = (
				53B9B0DB2AFBC4FD0004B381 /* VitalityOnboardingAssessmentTests.swift */,
			);
			path = VitalityOnboardingAssessmentTests;
			sourceTree = "<group>";
		};
/* End PBXGroup section */

/* Begin PBXNativeTarget section */
		538A0A062AF8D572002D2027 /* VitalityOnboardingAssessment */ = {
			isa = PBXNativeTarget;
			buildConfigurationList = 538A0A152AF8D575002D2027 /* Build configuration list for PBXNativeTarget "VitalityOnboardingAssessment" */;
			buildPhases = (
				538A0A032AF8D572002D2027 /* Sources */,
				538A0A042AF8D572002D2027 /* Frameworks */,
				538A0A052AF8D572002D2027 /* Resources */,
			);
			buildRules = (
			);
			dependencies = (
			);
			name = VitalityOnboardingAssessment;
			packageProductDependencies = (
				538A0A192AF8D5C4002D2027 /* Swinject */,
				538A0A252AF8E6E8002D2027 /* Realm */,
				538A0A272AF8E6E8002D2027 /* RealmSwift */,
			);
			productName = VitalityOnboardingAssessment;
			productReference = 538A0A072AF8D572002D2027 /* VitalityOnboardingAssessment.app */;
			productType = "com.apple.product-type.application";
		};
		53B9B0D82AFBC4FD0004B381 /* VitalityOnboardingAssessmentTests */ = {
			isa = PBXNativeTarget;
			buildConfigurationList = 53B9B0E12AFBC4FD0004B381 /* Build configuration list for PBXNativeTarget "VitalityOnboardingAssessmentTests" */;
			buildPhases = (
				53B9B0D52AFBC4FD0004B381 /* Sources */,
				53B9B0D62AFBC4FD0004B381 /* Frameworks */,
				53B9B0D72AFBC4FD0004B381 /* Resources */,
			);
			buildRules = (
			);
			dependencies = (
				53B9B0DE2AFBC4FD0004B381 /* PBXTargetDependency */,
			);
			name = VitalityOnboardingAssessmentTests;
			productName = VitalityOnboardingAssessmentTests;
			productReference = 53B9B0D92AFBC4FD0004B381 /* VitalityOnboardingAssessmentTests.xctest */;
			productType = "com.apple.product-type.bundle.unit-test";
		};
/* End PBXNativeTarget section */

/* Begin PBXProject section */
		538A09FF2AF8D572002D2027 /* Project object */ = {
			isa = PBXProject;
			attributes = {
				BuildIndependentTargetsInParallel = 1;
				LastSwiftUpdateCheck = 1420;
				LastUpgradeCheck = 1420;
				TargetAttributes = {
					538A0A062AF8D572002D2027 = {
						CreatedOnToolsVersion = 14.2;
					};
					53B9B0D82AFBC4FD0004B381 = {
						CreatedOnToolsVersion = 14.2;
						TestTargetID = 538A0A062AF8D572002D2027;
					};
				};
			};
			buildConfigurationList = 538A0A022AF8D572002D2027 /* Build configuration list for PBXProject "VitalityOnboardingAssessment" */;
			compatibilityVersion = "Xcode 14.0";
			developmentRegion = en;
			hasScannedForEncodings = 0;
			knownRegions = (
				en,
				Base,
			);
			mainGroup = 538A09FE2AF8D572002D2027;
			packageReferences = (
				538A0A182AF8D5C4002D2027 /* XCRemoteSwiftPackageReference "Swinject" */,
				538A0A242AF8E6E8002D2027 /* XCRemoteSwiftPackageReference "realm-swift" */,
			);
			productRefGroup = 538A0A082AF8D572002D2027 /* Products */;
			projectDirPath = "";
			projectRoot = "";
			targets = (
				538A0A062AF8D572002D2027 /* VitalityOnboardingAssessment */,
				53B9B0D82AFBC4FD0004B381 /* VitalityOnboardingAssessmentTests */,
			);
		};
/* End PBXProject section */

/* Begin PBXResourcesBuildPhase section */
		538A0A052AF8D572002D2027 /* Resources */ = {
			isa = PBXResourcesBuildPhase;
			buildActionMask = 2147483647;
			files = (
				538A0A322AF9083F002D2027 /* mockPointsStatement.json in Resources */,
				538A0A122AF8D575002D2027 /* Preview Assets.xcassets in Resources */,
				538A0A0F2AF8D575002D2027 /* Assets.xcassets in Resources */,
			);
			runOnlyForDeploymentPostprocessing = 0;
		};
		53B9B0D72AFBC4FD0004B381 /* Resources */ = {
			isa = PBXResourcesBuildPhase;
			buildActionMask = 2147483647;
			files = (
			);
			runOnlyForDeploymentPostprocessing = 0;
		};
/* End PBXResourcesBuildPhase section */

/* Begin PBXSourcesBuildPhase section */
		538A0A032AF8D572002D2027 /* Sources */ = {
			isa = PBXSourcesBuildPhase;
			buildActionMask = 2147483647;
			files = (
				538A0A442AFA3B24002D2027 /* LeaderboardEntry.swift in Sources */,
				538A0A352AF909C3002D2027 /* PointsGateway.swift in Sources */,
				538A0A2D2AF901B3002D2027 /* DummyJSONFetcher.swift in Sources */,
				538A0A0D2AF8D572002D2027 /* ContentView.swift in Sources */,
				538A0A3A2AF912B5002D2027 /* AppDependencies.swift in Sources */,
				538A0A422AFA3B0E002D2027 /* UserInfo.swift in Sources */,
				53B9B0E32AFBC6320004B381 /* LeaderboardEntryModel.swift in Sources */,
				538A0A232AF8E55D002D2027 /* UserInfoModel.swift in Sources */,
				538A0A2A2AF8FC01002D2027 /* PointsResponse.swift in Sources */,
				538A0A3F2AFA2030002D2027 /* ProtocolSubscribers.swift in Sources */,
				538A0A202AF8D85A002D2027 /* MockAPI.swift in Sources */,
				538A0A0B2AF8D572002D2027 /* VitalityOnboardingAssessmentApp.swift in Sources */,
				538A0A372AF910D1002D2027 /* RealmAdapter.swift in Sources */,
			);
			runOnlyForDeploymentPostprocessing = 0;
		};
		53B9B0D52AFBC4FD0004B381 /* Sources */ = {
			isa = PBXSourcesBuildPhase;
			buildActionMask = 2147483647;
			files = (
				53B9B0DC2AFBC4FD0004B381 /* VitalityOnboardingAssessmentTests.swift in Sources */,
			);
			runOnlyForDeploymentPostprocessing = 0;
		};
/* End PBXSourcesBuildPhase section */

/* Begin PBXTargetDependency section */
		53B9B0DE2AFBC4FD0004B381 /* PBXTargetDependency */ = {
			isa = PBXTargetDependency;
			target = 538A0A062AF8D572002D2027 /* VitalityOnboardingAssessment */;
			targetProxy = 53B9B0DD2AFBC4FD0004B381 /* PBXContainerItemProxy */;
		};
/* End PBXTargetDependency section */

/* Begin XCBuildConfiguration section */
		538A0A132AF8D575002D2027 /* Debug */ = {
			isa = XCBuildConfiguration;
			buildSettings = {
				ALWAYS_SEARCH_USER_PATHS = NO;
				CLANG_ANALYZER_NONNULL = YES;
				CLANG_ANALYZER_NUMBER_OBJECT_CONVERSION = YES_AGGRESSIVE;
				CLANG_CXX_LANGUAGE_STANDARD = "gnu++20";
				CLANG_ENABLE_MODULES = YES;
				CLANG_ENABLE_OBJC_ARC = YES;
				CLANG_ENABLE_OBJC_WEAK = YES;
				CLANG_WARN_BLOCK_CAPTURE_AUTORELEASING = YES;
				CLANG_WARN_BOOL_CONVERSION = YES;
				CLANG_WARN_COMMA = YES;
				CLANG_WARN_CONSTANT_CONVERSION = YES;
				CLANG_WARN_DEPRECATED_OBJC_IMPLEMENTATIONS = YES;
				CLANG_WARN_DIRECT_OBJC_ISA_USAGE = YES_ERROR;
				CLANG_WARN_DOCUMENTATION_COMMENTS = YES;
				CLANG_WARN_EMPTY_BODY = YES;
				CLANG_WARN_ENUM_CONVERSION = YES;
				CLANG_WARN_INFINITE_RECURSION = YES;
				CLANG_WARN_INT_CONVERSION = YES;
				CLANG_WARN_NON_LITERAL_NULL_CONVERSION = YES;
				CLANG_WARN_OBJC_IMPLICIT_RETAIN_SELF = YES;
				CLANG_WARN_OBJC_LITERAL_CONVERSION = YES;
				CLANG_WARN_OBJC_ROOT_CLASS = YES_ERROR;
				CLANG_WARN_QUOTED_INCLUDE_IN_FRAMEWORK_HEADER = YES;
				CLANG_WARN_RANGE_LOOP_ANALYSIS = YES;
				CLANG_WARN_STRICT_PROTOTYPES = YES;
				CLANG_WARN_SUSPICIOUS_MOVE = YES;
				CLANG_WARN_UNGUARDED_AVAILABILITY = YES_AGGRESSIVE;
				CLANG_WARN_UNREACHABLE_CODE = YES;
				CLANG_WARN__DUPLICATE_METHOD_MATCH = YES;
				COPY_PHASE_STRIP = NO;
				DEBUG_INFORMATION_FORMAT = dwarf;
				ENABLE_STRICT_OBJC_MSGSEND = YES;
				ENABLE_TESTABILITY = YES;
				GCC_C_LANGUAGE_STANDARD = gnu11;
				GCC_DYNAMIC_NO_PIC = NO;
				GCC_NO_COMMON_BLOCKS = YES;
				GCC_OPTIMIZATION_LEVEL = 0;
				GCC_PREPROCESSOR_DEFINITIONS = (
					"DEBUG=1",
					"$(inherited)",
				);
				GCC_WARN_64_TO_32_BIT_CONVERSION = YES;
				GCC_WARN_ABOUT_RETURN_TYPE = YES_ERROR;
				GCC_WARN_UNDECLARED_SELECTOR = YES;
				GCC_WARN_UNINITIALIZED_AUTOS = YES_AGGRESSIVE;
				GCC_WARN_UNUSED_FUNCTION = YES;
				GCC_WARN_UNUSED_VARIABLE = YES;
				IPHONEOS_DEPLOYMENT_TARGET = 16.2;
				MTL_ENABLE_DEBUG_INFO = INCLUDE_SOURCE;
				MTL_FAST_MATH = YES;
				ONLY_ACTIVE_ARCH = YES;
				SDKROOT = iphoneos;
				SWIFT_ACTIVE_COMPILATION_CONDITIONS = DEBUG;
				SWIFT_OPTIMIZATION_LEVEL = "-Onone";
			};
			name = Debug;
		};
		538A0A142AF8D575002D2027 /* Release */ = {
			isa = XCBuildConfiguration;
			buildSettings = {
				ALWAYS_SEARCH_USER_PATHS = NO;
				CLANG_ANALYZER_NONNULL = YES;
				CLANG_ANALYZER_NUMBER_OBJECT_CONVERSION = YES_AGGRESSIVE;
				CLANG_CXX_LANGUAGE_STANDARD = "gnu++20";
				CLANG_ENABLE_MODULES = YES;
				CLANG_ENABLE_OBJC_ARC = YES;
				CLANG_ENABLE_OBJC_WEAK = YES;
				CLANG_WARN_BLOCK_CAPTURE_AUTORELEASING = YES;
				CLANG_WARN_BOOL_CONVERSION = YES;
				CLANG_WARN_COMMA = YES;
				CLANG_WARN_CONSTANT_CONVERSION = YES;
				CLANG_WARN_DEPRECATED_OBJC_IMPLEMENTATIONS = YES;
				CLANG_WARN_DIRECT_OBJC_ISA_USAGE = YES_ERROR;
				CLANG_WARN_DOCUMENTATION_COMMENTS = YES;
				CLANG_WARN_EMPTY_BODY = YES;
				CLANG_WARN_ENUM_CONVERSION = YES;
				CLANG_WARN_INFINITE_RECURSION = YES;
				CLANG_WARN_INT_CONVERSION = YES;
				CLANG_WARN_NON_LITERAL_NULL_CONVERSION = YES;
				CLANG_WARN_OBJC_IMPLICIT_RETAIN_SELF = YES;
				CLANG_WARN_OBJC_LITERAL_CONVERSION = YES;
				CLANG_WARN_OBJC_ROOT_CLASS = YES_ERROR;
				CLANG_WARN_QUOTED_INCLUDE_IN_FRAMEWORK_HEADER = YES;
				CLANG_WARN_RANGE_LOOP_ANALYSIS = YES;
				CLANG_WARN_STRICT_PROTOTYPES = YES;
				CLANG_WARN_SUSPICIOUS_MOVE = YES;
				CLANG_WARN_UNGUARDED_AVAILABILITY = YES_AGGRESSIVE;
				CLANG_WARN_UNREACHABLE_CODE = YES;
				CLANG_WARN__DUPLICATE_METHOD_MATCH = YES;
				COPY_PHASE_STRIP = NO;
				DEBUG_INFORMATION_FORMAT = "dwarf-with-dsym";
				ENABLE_NS_ASSERTIONS = NO;
				ENABLE_STRICT_OBJC_MSGSEND = YES;
				GCC_C_LANGUAGE_STANDARD = gnu11;
				GCC_NO_COMMON_BLOCKS = YES;
				GCC_WARN_64_TO_32_BIT_CONVERSION = YES;
				GCC_WARN_ABOUT_RETURN_TYPE = YES_ERROR;
				GCC_WARN_UNDECLARED_SELECTOR = YES;
				GCC_WARN_UNINITIALIZED_AUTOS = YES_AGGRESSIVE;
				GCC_WARN_UNUSED_FUNCTION = YES;
				GCC_WARN_UNUSED_VARIABLE = YES;
				IPHONEOS_DEPLOYMENT_TARGET = 16.2;
				MTL_ENABLE_DEBUG_INFO = NO;
				MTL_FAST_MATH = YES;
				SDKROOT = iphoneos;
				SWIFT_COMPILATION_MODE = wholemodule;
				SWIFT_OPTIMIZATION_LEVEL = "-O";
				VALIDATE_PRODUCT = YES;
			};
			name = Release;
		};
		538A0A162AF8D575002D2027 /* Debug */ = {
			isa = XCBuildConfiguration;
			buildSettings = {
				ASSETCATALOG_COMPILER_APPICON_NAME = AppIcon;
				ASSETCATALOG_COMPILER_GLOBAL_ACCENT_COLOR_NAME = AccentColor;
				CODE_SIGN_STYLE = Automatic;
				CURRENT_PROJECT_VERSION = 1;
				DEVELOPMENT_ASSET_PATHS = "\"VitalityOnboardingAssessment/Preview Content\"";
				DEVELOPMENT_TEAM = 69FLZ3N89E;
				ENABLE_PREVIEWS = YES;
				GENERATE_INFOPLIST_FILE = YES;
				INFOPLIST_KEY_UIApplicationSceneManifest_Generation = YES;
				INFOPLIST_KEY_UIApplicationSupportsIndirectInputEvents = YES;
				INFOPLIST_KEY_UILaunchScreen_Generation = YES;
				INFOPLIST_KEY_UISupportedInterfaceOrientations_iPad = "UIInterfaceOrientationPortrait UIInterfaceOrientationPortraitUpsideDown UIInterfaceOrientationLandscapeLeft UIInterfaceOrientationLandscapeRight";
				INFOPLIST_KEY_UISupportedInterfaceOrientations_iPhone = "UIInterfaceOrientationPortrait UIInterfaceOrientationLandscapeLeft UIInterfaceOrientationLandscapeRight";
				LD_RUNPATH_SEARCH_PATHS = (
					"$(inherited)",
					"@executable_path/Frameworks",
				);
				MARKETING_VERSION = 1.0;
				PRODUCT_BUNDLE_IDENTIFIER = uk.co.vitality.vitalityAssessment.VitalityOnboardingAssessment;
				PRODUCT_NAME = "$(TARGET_NAME)";
				SWIFT_EMIT_LOC_STRINGS = YES;
				SWIFT_VERSION = 5.0;
				TARGETED_DEVICE_FAMILY = "1,2";
			};
			name = Debug;
		};
		538A0A172AF8D575002D2027 /* Release */ = {
			isa = XCBuildConfiguration;
			buildSettings = {
				ASSETCATALOG_COMPILER_APPICON_NAME = AppIcon;
				ASSETCATALOG_COMPILER_GLOBAL_ACCENT_COLOR_NAME = AccentColor;
				CODE_SIGN_STYLE = Automatic;
				CURRENT_PROJECT_VERSION = 1;
				DEVELOPMENT_ASSET_PATHS = "\"VitalityOnboardingAssessment/Preview Content\"";
				DEVELOPMENT_TEAM = 69FLZ3N89E;
				ENABLE_PREVIEWS = YES;
				GENERATE_INFOPLIST_FILE = YES;
				INFOPLIST_KEY_UIApplicationSceneManifest_Generation = YES;
				INFOPLIST_KEY_UIApplicationSupportsIndirectInputEvents = YES;
				INFOPLIST_KEY_UILaunchScreen_Generation = YES;
				INFOPLIST_KEY_UISupportedInterfaceOrientations_iPad = "UIInterfaceOrientationPortrait UIInterfaceOrientationPortraitUpsideDown UIInterfaceOrientationLandscapeLeft UIInterfaceOrientationLandscapeRight";
				INFOPLIST_KEY_UISupportedInterfaceOrientations_iPhone = "UIInterfaceOrientationPortrait UIInterfaceOrientationLandscapeLeft UIInterfaceOrientationLandscapeRight";
				LD_RUNPATH_SEARCH_PATHS = (
					"$(inherited)",
					"@executable_path/Frameworks",
				);
				MARKETING_VERSION = 1.0;
				PRODUCT_BUNDLE_IDENTIFIER = uk.co.vitality.vitalityAssessment.VitalityOnboardingAssessment;
				PRODUCT_NAME = "$(TARGET_NAME)";
				SWIFT_EMIT_LOC_STRINGS = YES;
				SWIFT_VERSION = 5.0;
				TARGETED_DEVICE_FAMILY = "1,2";
			};
			name = Release;
		};
		53B9B0DF2AFBC4FD0004B381 /* Debug */ = {
			isa = XCBuildConfiguration;
			buildSettings = {
				BUNDLE_LOADER = "$(TEST_HOST)";
				CODE_SIGN_STYLE = Automatic;
				CURRENT_PROJECT_VERSION = 1;
				DEVELOPMENT_TEAM = 69FLZ3N89E;
				GENERATE_INFOPLIST_FILE = YES;
				MARKETING_VERSION = 1.0;
				PRODUCT_BUNDLE_IDENTIFIER = uk.co.vitality.vitalityAssessment.VitalityOnboardingAssessmentTests;
				PRODUCT_NAME = "$(TARGET_NAME)";
				SWIFT_EMIT_LOC_STRINGS = NO;
				SWIFT_VERSION = 5.0;
				TARGETED_DEVICE_FAMILY = "1,2";
				TEST_HOST = "$(BUILT_PRODUCTS_DIR)/VitalityOnboardingAssessment.app/$(BUNDLE_EXECUTABLE_FOLDER_PATH)/VitalityOnboardingAssessment";
			};
			name = Debug;
		};
		53B9B0E02AFBC4FD0004B381 /* Release */ = {
			isa = XCBuildConfiguration;
			buildSettings = {
				BUNDLE_LOADER = "$(TEST_HOST)";
				CODE_SIGN_STYLE = Automatic;
				CURRENT_PROJECT_VERSION = 1;
				DEVELOPMENT_TEAM = 69FLZ3N89E;
				GENERATE_INFOPLIST_FILE = YES;
				MARKETING_VERSION = 1.0;
				PRODUCT_BUNDLE_IDENTIFIER = uk.co.vitality.vitalityAssessment.VitalityOnboardingAssessmentTests;
				PRODUCT_NAME = "$(TARGET_NAME)";
				SWIFT_EMIT_LOC_STRINGS = NO;
				SWIFT_VERSION = 5.0;
				TARGETED_DEVICE_FAMILY = "1,2";
				TEST_HOST = "$(BUILT_PRODUCTS_DIR)/VitalityOnboardingAssessment.app/$(BUNDLE_EXECUTABLE_FOLDER_PATH)/VitalityOnboardingAssessment";
			};
			name = Release;
		};
/* End XCBuildConfiguration section */

/* Begin XCConfigurationList section */
		538A0A022AF8D572002D2027 /* Build configuration list for PBXProject "VitalityOnboardingAssessment" */ = {
			isa = XCConfigurationList;
			buildConfigurations = (
				538A0A132AF8D575002D2027 /* Debug */,
				538A0A142AF8D575002D2027 /* Release */,
			);
			defaultConfigurationIsVisible = 0;
			defaultConfigurationName = Release;
		};
		538A0A152AF8D575002D2027 /* Build configuration list for PBXNativeTarget "VitalityOnboardingAssessment" */ = {
			isa = XCConfigurationList;
			buildConfigurations = (
				538A0A162AF8D575002D2027 /* Debug */,
				538A0A172AF8D575002D2027 /* Release */,
			);
			defaultConfigurationIsVisible = 0;
			defaultConfigurationName = Release;
		};
		53B9B0E12AFBC4FD0004B381 /* Build configuration list for PBXNativeTarget "VitalityOnboardingAssessmentTests" */ = {
			isa = XCConfigurationList;
			buildConfigurations = (
				53B9B0DF2AFBC4FD0004B381 /* Debug */,
				53B9B0E02AFBC4FD0004B381 /* Release */,
			);
			defaultConfigurationIsVisible = 0;
			defaultConfigurationName = Release;
		};
/* End XCConfigurationList section */

/* Begin XCRemoteSwiftPackageReference section */
		538A0A182AF8D5C4002D2027 /* XCRemoteSwiftPackageReference "Swinject" */ = {
			isa = XCRemoteSwiftPackageReference;
			repositoryURL = "https://github.com/Swinject/Swinject";
			requirement = {
				kind = exactVersion;
				version = 2.8.4;
			};
		};
		538A0A242AF8E6E8002D2027 /* XCRemoteSwiftPackageReference "realm-swift" */ = {
			isa = XCRemoteSwiftPackageReference;
			repositoryURL = "https://github.com/realm/realm-swift";
			requirement = {
				kind = exactVersion;
				version = 10.44.0;
			};
		};
/* End XCRemoteSwiftPackageReference section */

/* Begin XCSwiftPackageProductDependency section */
		538A0A192AF8D5C4002D2027 /* Swinject */ = {
			isa = XCSwiftPackageProductDependency;
			package = 538A0A182AF8D5C4002D2027 /* XCRemoteSwiftPackageReference "Swinject" */;
			productName = Swinject;
		};
		538A0A252AF8E6E8002D2027 /* Realm */ = {
			isa = XCSwiftPackageProductDependency;
			package = 538A0A242AF8E6E8002D2027 /* XCRemoteSwiftPackageReference "realm-swift" */;
			productName = Realm;
		};
		538A0A272AF8E6E8002D2027 /* RealmSwift */ = {
			isa = XCSwiftPackageProductDependency;
			package = 538A0A242AF8E6E8002D2027 /* XCRemoteSwiftPackageReference "realm-swift" */;
			productName = RealmSwift;
		};
/* End XCSwiftPackageProductDependency section */
	};
	rootObject = 538A09FF2AF8D572002D2027 /* Project object */;
}
